PODS:
  - SDWebImage (5.19.2):
    - SDWebImage/Core (= 5.19.2)
  - SDWebImage/Core (5.19.2)

DEPENDENCIES:
  - SDWebImage

SPEC REPOS:
  trunk:
    - SDWebImage

SPEC CHECKSUMS:
  SDWebImage: dfe95b2466a9823cf9f0c6d01217c06550d7b29a

PODFILE CHECKSUM: 7ec5d20e3aa5f2acecadb7c2c7f5adf83894d37d

COCOAPODS: 1.11.3
