// !$*UTF8*$!
{
	archiveVersion = 1;
	classes = {
	};
	objectVersion = 55;
	objects = {

/* Begin PBXBuildFile section */
		2F0AF0152B31E8A000740B70 /* AppDelegate.swift in Sources */ = {isa = PBXBuildFile; fileRef = 2F0AF0142B31E8A000740B70 /* AppDelegate.swift */; };
		2F0AF0172B31E8A000740B70 /* SceneDelegate.swift in Sources */ = {isa = PBXBuildFile; fileRef = 2F0AF0162B31E8A000740B70 /* SceneDelegate.swift */; };
		2F0AF0192B31E8A000740B70 /* ViewController.swift in Sources */ = {isa = PBXBuildFile; fileRef = 2F0AF0182B31E8A000740B70 /* ViewController.swift */; };
		2F0AF01C2B31E8A000740B70 /* Main.storyboard in Resources */ = {isa = PBXBuildFile; fileRef = 2F0AF01A2B31E8A000740B70 /* Main.storyboard */; };
		2F0AF01E2B31E8A100740B70 /* Assets.xcassets in Resources */ = {isa = PBXBuildFile; fileRef = 2F0AF01D2B31E8A100740B70 /* Assets.xcassets */; };
		2F0AF0212B31E8A100740B70 /* LaunchScreen.storyboard in Resources */ = {isa = PBXBuildFile; fileRef = 2F0AF01F2B31E8A100740B70 /* LaunchScreen.storyboard */; };
		2F0AF02C2B31E8A100740B70 /* AnimeSearchTests.swift in Sources */ = {isa = PBXBuildFile; fileRef = 2F0AF02B2B31E8A100740B70 /* AnimeSearchTests.swift */; };
		2F0AF0362B31E8A100740B70 /* AnimeSearchUITests.swift in Sources */ = {isa = PBXBuildFile; fileRef = 2F0AF0352B31E8A100740B70 /* AnimeSearchUITests.swift */; };
		2F0AF0382B31E8A100740B70 /* AnimeSearchUITestsLaunchTests.swift in Sources */ = {isa = PBXBuildFile; fileRef = 2F0AF0372B31E8A100740B70 /* AnimeSearchUITestsLaunchTests.swift */; };
/* End PBXBuildFile section */

/* Begin PBXContainerItemProxy section */
		2F0AF0282B31E8A100740B70 /* PBXContainerItemProxy */ = {
			isa = PBXContainerItemProxy;
			containerPortal = 2F0AF0092B31E8A000740B70 /* Project object */;
			proxyType = 1;
			remoteGlobalIDString = 2F0AF0102B31E8A000740B70;
			remoteInfo = AnimeSearch;
		};
		2F0AF0322B31E8A100740B70 /* PBXContainerItemProxy */ = {
			isa = PBXContainerItemProxy;
			containerPortal = 2F0AF0092B31E8A000740B70 /* Project object */;
			proxyType = 1;
			remoteGlobalIDString = 2F0AF0102B31E8A000740B70;
			remoteInfo = AnimeSearch;
		};
/* End PBXContainerItemProxy section */

/* Begin PBXFileReference section */
		2F0AF0112B31E8A000740B70 /* AnimeSearch.app */ = {isa = PBXFileReference; explicitFileType = wrapper.application; includeInIndex = 0; path = AnimeSearch.app; sourceTree = BUILT_PRODUCTS_DIR; };
		2F0AF0142B31E8A000740B70 /* AppDelegate.swift */ = {isa = PBXFileReference; lastKnownFileType = sourcecode.swift; path = AppDelegate.swift; sourceTree = "<group>"; };
		2F0AF0162B31E8A000740B70 /* SceneDelegate.swift */ = {isa = PBXFileReference; lastKnownFileType = sourcecode.swift; path = SceneDelegate.swift; sourceTree = "<group>"; };
		2F0AF0182B31E8A000740B70 /* ViewController.swift */ = {isa = PBXFileReference; lastKnownFileType = sourcecode.swift; path = ViewController.swift; sourceTree = "<group>"; };
		2F0AF01B2B31E8A000740B70 /* Base */ = {isa = PBXFileReference; lastKnownFileType = file.storyboard; name = Base; path = Base.lproj/Main.storyboard; sourceTree = "<group>"; };
		2F0AF01D2B31E8A100740B70 /* Assets.xcassets */ = {isa = PBXFileReference; lastKnownFileType = folder.assetcatalog; path = Assets.xcassets; sourceTree = "<group>"; };
		2F0AF0202B31E8A100740B70 /* Base */ = {isa = PBXFileReference; lastKnownFileType = file.storyboard; name = Base; path = Base.lproj/LaunchScreen.storyboard; sourceTree = "<group>"; };
		2F0AF0222B31E8A100740B70 /* Info.plist */ = {isa = PBXFileReference; lastKnownFileType = text.plist.xml; path = Info.plist; sourceTree = "<group>"; };
		2F0AF0272B31E8A100740B70 /* AnimeSearchTests.xctest */ = {isa = PBXFileReference; explicitFileType = wrapper.cfbundle; includeInIndex = 0; path = AnimeSearchTests.xctest; sourceTree = BUILT_PRODUCTS_DIR; };
		2F0AF02B2B31E8A100740B70 /* AnimeSearchTests.swift */ = {isa = PBXFileReference; lastKnownFileType = sourcecode.swift; path = AnimeSearchTests.swift; sourceTree = "<group>"; };
		2F0AF0312B31E8A100740B70 /* AnimeSearchUITests.xctest */ = {isa = PBXFileReference; explicitFileType = wrapper.cfbundle; includeInIndex = 0; path = AnimeSearchUITests.xctest; sourceTree = BUILT_PRODUCTS_DIR; };
		2F0AF0352B31E8A100740B70 /* AnimeSearchUITests.swift */ = {isa = PBXFileReference; lastKnownFileType = sourcecode.swift; path = AnimeSearchUITests.swift; sourceTree = "<group>"; };
		2F0AF0372B31E8A100740B70 /* AnimeSearchUITestsLaunchTests.swift */ = {isa = PBXFileReference; lastKnownFileType = sourcecode.swift; path = AnimeSearchUITestsLaunchTests.swift; sourceTree = "<group>"; };
/* End PBXFileReference section */

/* Begin PBXFrameworksBuildPhase section */
		2F0AF00E2B31E8A000740B70 /* Frameworks */ = {
			isa = PBXFrameworksBuildPhase;
			buildActionMask = 2147483647;
			files = (
			);
			runOnlyForDeploymentPostprocessing = 0;
		};
		2F0AF0242B31E8A100740B70 /* Frameworks */ = {
			isa = PBXFrameworksBuildPhase;
			buildActionMask = 2147483647;
			files = (
			);
			runOnlyForDeploymentPostprocessing = 0;
		};
		2F0AF02E2B31E8A100740B70 /* Frameworks */ = {
			isa = PBXFrameworksBuildPhase;
			buildActionMask = 2147483647;
			files = (
			);
			runOnlyForDeploymentPostprocessing = 0;
		};
/* End PBXFrameworksBuildPhase section */

/* Begin PBXGroup section */
		2F0AF0082B31E8A000740B70 = {
			isa = PBXGroup;
			children = (
				2F0AF0132B31E8A000740B70 /* AnimeSearch */,
				2F0AF02A2B31E8A100740B70 /* AnimeSearchTests */,
				2F0AF0342B31E8A100740B70 /* AnimeSearchUITests */,
				2F0AF0122B31E8A000740B70 /* Products */,
			);
			sourceTree = "<group>";
		};
		2F0AF0122B31E8A000740B70 /* Products */ = {
			isa = PBXGroup;
			children = (
				2F0AF0112B31E8A000740B70 /* AnimeSearch.app */,
				2F0AF0272B31E8A100740B70 /* AnimeSearchTests.xctest */,
				2F0AF0312B31E8A100740B70 /* AnimeSearchUITests.xctest */,
			);
			name = Products;
			sourceTree = "<group>";
		};
		2F0AF0132B31E8A000740B70 /* AnimeSearch */ = {
			isa = PBXGroup;
			children = (
				2F0AF0142B31E8A000740B70 /* AppDelegate.swift */,
				2F0AF0162B31E8A000740B70 /* SceneDelegate.swift */,
				2F0AF0182B31E8A000740B70 /* ViewController.swift */,
				2F0AF01A2B31E8A000740B70 /* Main.storyboard */,
				2F0AF01D2B31E8A100740B70 /* Assets.xcassets */,
				2F0AF01F2B31E8A100740B70 /* LaunchScreen.storyboard */,
				2F0AF0222B31E8A100740B70 /* Info.plist */,
			);
			path = AnimeSearch;
			sourceTree = "<group>";
		};
		2F0AF02A2B31E8A100740B70 /* AnimeSearchTests */ = {
			isa = PBXGroup;
			children = (
				2F0AF02B2B31E8A100740B70 /* AnimeSearchTests.swift */,
			);
			path = AnimeSearchTests;
			sourceTree = "<group>";
		};
		2F0AF0342B31E8A100740B70 /* AnimeSearchUITests */ = {
			isa = PBXGroup;
			children = (
				2F0AF0352B31E8A100740B70 /* AnimeSearchUITests.swift */,
				2F0AF0372B31E8A100740B70 /* AnimeSearchUITestsLaunchTests.swift */,
			);
			path = AnimeSearchUITests;
			sourceTree = "<group>";
		};
/* End PBXGroup section */

/* Begin PBXNativeTarget section */
		2F0AF0102B31E8A000740B70 /* AnimeSearch */ = {
			isa = PBXNativeTarget;
			buildConfigurationList = 2F0AF03B2B31E8A100740B70 /* Build configuration list for PBXNativeTarget "AnimeSearch" */;
			buildPhases = (
				2F0AF00D2B31E8A000740B70 /* Sources */,
				2F0AF00E2B31E8A000740B70 /* Frameworks */,
				2F0AF00F2B31E8A000740B70 /* Resources */,
			);
			buildRules = (
			);
			dependencies = (
			);
			name = AnimeSearch;
			productName = AnimeSearch;
			productReference = 2F0AF0112B31E8A000740B70 /* AnimeSearch.app */;
			productType = "com.apple.product-type.application";
		};
		2F0AF0262B31E8A100740B70 /* AnimeSearchTests */ = {
			isa = PBXNativeTarget;
			buildConfigurationList = 2F0AF03E2B31E8A100740B70 /* Build configuration list for PBXNativeTarget "AnimeSearchTests" */;
			buildPhases = (
				2F0AF0232B31E8A100740B70 /* Sources */,
				2F0AF0242B31E8A100740B70 /* Frameworks */,
				2F0AF0252B31E8A100740B70 /* Resources */,
			);
			buildRules = (
			);
			dependencies = (
				2F0AF0292B31E8A100740B70 /* PBXTargetDependency */,
			);
			name = AnimeSearchTests;
			productName = AnimeSearchTests;
			productReference = 2F0AF0272B31E8A100740B70 /* AnimeSearchTests.xctest */;
			productType = "com.apple.product-type.bundle.unit-test";
		};
		2F0AF0302B31E8A100740B70 /* AnimeSearchUITests */ = {
			isa = PBXNativeTarget;
			buildConfigurationList = 2F0AF0412B31E8A100740B70 /* Build configuration list for PBXNativeTarget "AnimeSearchUITests" */;
			buildPhases = (
				2F0AF02D2B31E8A100740B70 /* Sources */,
				2F0AF02E2B31E8A100740B70 /* Frameworks */,
				2F0AF02F2B31E8A100740B70 /* Resources */,
			);
			buildRules = (
			);
			dependencies = (
				2F0AF0332B31E8A100740B70 /* PBXTargetDependency */,
			);
			name = AnimeSearchUITests;
			productName = AnimeSearchUITests;
			productReference = 2F0AF0312B31E8A100740B70 /* AnimeSearchUITests.xctest */;
			productType = "com.apple.product-type.bundle.ui-testing";
		};
/* End PBXNativeTarget section */

/* Begin PBXProject section */
		2F0AF0092B31E8A000740B70 /* Project object */ = {
			isa = PBXProject;
			attributes = {
				BuildIndependentTargetsInParallel = 1;
				LastSwiftUpdateCheck = 1310;
				LastUpgradeCheck = 1310;
				TargetAttributes = {
					2F0AF0102B31E8A000740B70 = {
						CreatedOnToolsVersion = 13.1;
					};
					2F0AF0262B31E8A100740B70 = {
						CreatedOnToolsVersion = 13.1;
						TestTargetID = 2F0AF0102B31E8A000740B70;
					};
					2F0AF0302B31E8A100740B70 = {
						CreatedOnToolsVersion = 13.1;
						TestTargetID = 2F0AF0102B31E8A000740B70;
					};
				};
			};
			buildConfigurationList = 2F0AF00C2B31E8A000740B70 /* Build configuration list for PBXProject "AnimeSearch" */;
			compatibilityVersion = "Xcode 13.0";
			developmentRegion = en;
			hasScannedForEncodings = 0;
			knownRegions = (
				en,
				Base,
			);
			mainGroup = 2F0AF0082B31E8A000740B70;
			productRefGroup = 2F0AF0122B31E8A000740B70 /* Products */;
			projectDirPath = "";
			projectRoot = "";
			targets = (
				2F0AF0102B31E8A000740B70 /* AnimeSearch */,
				2F0AF0262B31E8A100740B70 /* AnimeSearchTests */,
				2F0AF0302B31E8A100740B70 /* AnimeSearchUITests */,
			);
		};
/* End PBXProject section */

/* Begin PBXResourcesBuildPhase section */
		2F0AF00F2B31E8A000740B70 /* Resources */ = {
			isa = PBXResourcesBuildPhase;
			buildActionMask = 2147483647;
			files = (
				2F0AF0212B31E8A100740B70 /* LaunchScreen.storyboard in Resources */,
				2F0AF01E2B31E8A100740B70 /* Assets.xcassets in Resources */,
				2F0AF01C2B31E8A000740B70 /* Main.storyboard in Resources */,
			);
			runOnlyForDeploymentPostprocessing = 0;
		};
		2F0AF0252B31E8A100740B70 /* Resources */ = {
			isa = PBXResourcesBuildPhase;
			buildActionMask = 2147483647;
			files = (
			);
			runOnlyForDeploymentPostprocessing = 0;
		};
		2F0AF02F2B31E8A100740B70 /* Resources */ = {
			isa = PBXResourcesBuildPhase;
			buildActionMask = 2147483647;
			files = (
			);
			runOnlyForDeploymentPostprocessing = 0;
		};
/* End PBXResourcesBuildPhase section */

/* Begin PBXSourcesBuildPhase section */
		2F0AF00D2B31E8A000740B70 /* Sources */ = {
			isa = PBXSourcesBuildPhase;
			buildActionMask = 2147483647;
			files = (
				2F0AF0192B31E8A000740B70 /* ViewController.swift in Sources */,
				2F0AF0152B31E8A000740B70 /* AppDelegate.swift in Sources */,
				2F0AF0172B31E8A000740B70 /* SceneDelegate.swift in Sources */,
			);
			runOnlyForDeploymentPostprocessing = 0;
		};
		2F0AF0232B31E8A100740B70 /* Sources */ = {
			isa = PBXSourcesBuildPhase;
			buildActionMask = 2147483647;
			files = (
				2F0AF02C2B31E8A100740B70 /* AnimeSearchTests.swift in Sources */,
			);
			runOnlyForDeploymentPostprocessing = 0;
		};
		2F0AF02D2B31E8A100740B70 /* Sources */ = {
			isa = PBXSourcesBuildPhase;
			buildActionMask = 2147483647;
			files = (
				2F0AF0362B31E8A100740B70 /* AnimeSearchUITests.swift in Sources */,
				2F0AF0382B31E8A100740B70 /* AnimeSearchUITestsLaunchTests.swift in Sources */,
			);
			runOnlyForDeploymentPostprocessing = 0;
		};
/* End PBXSourcesBuildPhase section */

/* Begin PBXTargetDependency section */
		2F0AF0292B31E8A100740B70 /* PBXTargetDependency */ = {
			isa = PBXTargetDependency;
			target = 2F0AF0102B31E8A000740B70 /* AnimeSearch */;
			targetProxy = 2F0AF0282B31E8A100740B70 /* PBXContainerItemProxy */;
		};
		2F0AF0332B31E8A100740B70 /* PBXTargetDependency */ = {
			isa = PBXTargetDependency;
			target = 2F0AF0102B31E8A000740B70 /* AnimeSearch */;
			targetProxy = 2F0AF0322B31E8A100740B70 /* PBXContainerItemProxy */;
		};
/* End PBXTargetDependency section */

/* Begin PBXVariantGroup section */
		2F0AF01A2B31E8A000740B70 /* Main.storyboard */ = {
			isa = PBXVariantGroup;
			children = (
				2F0AF01B2B31E8A000740B70 /* Base */,
			);
			name = Main.storyboard;
			sourceTree = "<group>";
		};
		2F0AF01F2B31E8A100740B70 /* LaunchScreen.storyboard */ = {
			isa = PBXVariantGroup;
			children = (
				2F0AF0202B31E8A100740B70 /* Base */,
			);
			name = LaunchScreen.storyboard;
			sourceTree = "<group>";
		};
/* End PBXVariantGroup section */

/* Begin XCBuildConfiguration section */
		2F0AF0392B31E8A100740B70 /* Debug */ = {
			isa = XCBuildConfiguration;
			buildSettings = {
				ALWAYS_SEARCH_USER_PATHS = NO;
				CLANG_ANALYZER_NONNULL = YES;
				CLANG_ANALYZER_NUMBER_OBJECT_CONVERSION = YES_AGGRESSIVE;
				CLANG_CXX_LANGUAGE_STANDARD = "gnu++17";
				CLANG_CXX_LIBRARY = "libc++";
				CLANG_ENABLE_MODULES = YES;
				CLANG_ENABLE_OBJC_ARC = YES;
				CLANG_ENABLE_OBJC_WEAK = YES;
				CLANG_WARN_BLOCK_CAPTURE_AUTORELEASING = YES;
				CLANG_WARN_BOOL_CONVERSION = YES;
				CLANG_WARN_COMMA = YES;
				CLANG_WARN_CONSTANT_CONVERSION = YES;
				CLANG_WARN_DEPRECATED_OBJC_IMPLEMENTATIONS = YES;
				CLANG_WARN_DIRECT_OBJC_ISA_USAGE = YES_ERROR;
				CLANG_WARN_DOCUMENTATION_COMMENTS = YES;
				CLANG_WARN_EMPTY_BODY = YES;
				CLANG_WARN_ENUM_CONVERSION = YES;
				CLANG_WARN_INFINITE_RECURSION = YES;
				CLANG_WARN_INT_CONVERSION = YES;
				CLANG_WARN_NON_LITERAL_NULL_CONVERSION = YES;
				CLANG_WARN_OBJC_IMPLICIT_RETAIN_SELF = YES;
				CLANG_WARN_OBJC_LITERAL_CONVERSION = YES;
				CLANG_WARN_OBJC_ROOT_CLASS = YES_ERROR;
				CLANG_WARN_QUOTED_INCLUDE_IN_FRAMEWORK_HEADER = YES;
				CLANG_WARN_RANGE_LOOP_ANALYSIS = YES;
				CLANG_WARN_STRICT_PROTOTYPES = YES;
				CLANG_WARN_SUSPICIOUS_MOVE = YES;
				CLANG_WARN_UNGUARDED_AVAILABILITY = YES_AGGRESSIVE;
				CLANG_WARN_UNREACHABLE_CODE = YES;
				CLANG_WARN__DUPLICATE_METHOD_MATCH = YES;
				COPY_PHASE_STRIP = NO;
				DEBUG_INFORMATION_FORMAT = dwarf;
				ENABLE_STRICT_OBJC_MSGSEND = YES;
				ENABLE_TESTABILITY = YES;
				GCC_C_LANGUAGE_STANDARD = gnu11;
				GCC_DYNAMIC_NO_PIC = NO;
				GCC_NO_COMMON_BLOCKS = YES;
				GCC_OPTIMIZATION_LEVEL = 0;
				GCC_PREPROCESSOR_DEFINITIONS = (
					"DEBUG=1",
					"$(inherited)",
				);
				GCC_WARN_64_TO_32_BIT_CONVERSION = YES;
				GCC_WARN_ABOUT_RETURN_TYPE = YES_ERROR;
				GCC_WARN_UNDECLARED_SELECTOR = YES;
				GCC_WARN_UNINITIALIZED_AUTOS = YES_AGGRESSIVE;
				GCC_WARN_UNUSED_FUNCTION = YES;
				GCC_WARN_UNUSED_VARIABLE = YES;
				IPHONEOS_DEPLOYMENT_TARGET = 15.0;
				MTL_ENABLE_DEBUG_INFO = INCLUDE_SOURCE;
				MTL_FAST_MATH = YES;
				ONLY_ACTIVE_ARCH = YES;
				SDKROOT = iphoneos;
				SWIFT_ACTIVE_COMPILATION_CONDITIONS = DEBUG;
				SWIFT_OPTIMIZATION_LEVEL = "-Onone";
			};
			name = Debug;
		};
		2F0AF03A2B31E8A100740B70 /* Release */ = {
			isa = XCBuildConfiguration;
			buildSettings = {
				ALWAYS_SEARCH_USER_PATHS = NO;
				CLANG_ANALYZER_NONNULL = YES;
				CLANG_ANALYZER_NUMBER_OBJECT_CONVERSION = YES_AGGRESSIVE;
				CLANG_CXX_LANGUAGE_STANDARD = "gnu++17";
				CLANG_CXX_LIBRARY = "libc++";
				CLANG_ENABLE_MODULES = YES;
				CLANG_ENABLE_OBJC_ARC = YES;
				CLANG_ENABLE_OBJC_WEAK = YES;
				CLANG_WARN_BLOCK_CAPTURE_AUTORELEASING = YES;
				CLANG_WARN_BOOL_CONVERSION = YES;
				CLANG_WARN_COMMA = YES;
				CLANG_WARN_CONSTANT_CONVERSION = YES;
				CLANG_WARN_DEPRECATED_OBJC_IMPLEMENTATIONS = YES;
				CLANG_WARN_DIRECT_OBJC_ISA_USAGE = YES_ERROR;
				CLANG_WARN_DOCUMENTATION_COMMENTS = YES;
				CLANG_WARN_EMPTY_BODY = YES;
				CLANG_WARN_ENUM_CONVERSION = YES;
				CLANG_WARN_INFINITE_RECURSION = YES;
				CLANG_WARN_INT_CONVERSION = YES;
				CLANG_WARN_NON_LITERAL_NULL_CONVERSION = YES;
				CLANG_WARN_OBJC_IMPLICIT_RETAIN_SELF = YES;
				CLANG_WARN_OBJC_LITERAL_CONVERSION = YES;
				CLANG_WARN_OBJC_ROOT_CLASS = YES_ERROR;
				CLANG_WARN_QUOTED_INCLUDE_IN_FRAMEWORK_HEADER = YES;
				CLANG_WARN_RANGE_LOOP_ANALYSIS = YES;
				CLANG_WARN_STRICT_PROTOTYPES = YES;
				CLANG_WARN_SUSPICIOUS_MOVE = YES;
				CLANG_WARN_UNGUARDED_AVAILABILITY = YES_AGGRESSIVE;
				CLANG_WARN_UNREACHABLE_CODE = YES;
				CLANG_WARN__DUPLICATE_METHOD_MATCH = YES;
				COPY_PHASE_STRIP = NO;
				DEBUG_INFORMATION_FORMAT = "dwarf-with-dsym";
				ENABLE_NS_ASSERTIONS = NO;
				ENABLE_STRICT_OBJC_MSGSEND = YES;
				GCC_C_LANGUAGE_STANDARD = gnu11;
				GCC_NO_COMMON_BLOCKS = YES;
				GCC_WARN_64_TO_32_BIT_CONVERSION = YES;
				GCC_WARN_ABOUT_RETURN_TYPE = YES_ERROR;
				GCC_WARN_UNDECLARED_SELECTOR = YES;
				GCC_WARN_UNINITIALIZED_AUTOS = YES_AGGRESSIVE;
				GCC_WARN_UNUSED_FUNCTION = YES;
				GCC_WARN_UNUSED_VARIABLE = YES;
				IPHONEOS_DEPLOYMENT_TARGET = 15.0;
				MTL_ENABLE_DEBUG_INFO = NO;
				MTL_FAST_MATH = YES;
				SDKROOT = iphoneos;
				SWIFT_COMPILATION_MODE = wholemodule;
				SWIFT_OPTIMIZATION_LEVEL = "-O";
				VALIDATE_PRODUCT = YES;
			};
			name = Release;
		};
		2F0AF03C2B31E8A100740B70 /* Debug */ = {
			isa = XCBuildConfiguration;
			buildSettings = {
				ASSETCATALOG_COMPILER_APPICON_NAME = AppIcon;
				ASSETCATALOG_COMPILER_GLOBAL_ACCENT_COLOR_NAME = AccentColor;
				CODE_SIGN_STYLE = Automatic;
				CURRENT_PROJECT_VERSION = 1;
				DEVELOPMENT_TEAM = XG5AARXYZ4;
				GENERATE_INFOPLIST_FILE = YES;
				INFOPLIST_FILE = AnimeSearch/Info.plist;
				INFOPLIST_KEY_UIApplicationSupportsIndirectInputEvents = YES;
				INFOPLIST_KEY_UILaunchStoryboardName = LaunchScreen;
				INFOPLIST_KEY_UIMainStoryboardFile = Main;
				INFOPLIST_KEY_UISupportedInterfaceOrientations_iPad = "UIInterfaceOrientationPortrait UIInterfaceOrientationPortraitUpsideDown UIInterfaceOrientationLandscapeLeft UIInterfaceOrientationLandscapeRight";
				INFOPLIST_KEY_UISupportedInterfaceOrientations_iPhone = "UIInterfaceOrientationPortrait UIInterfaceOrientationLandscapeLeft UIInterfaceOrientationLandscapeRight";
				LD_RUNPATH_SEARCH_PATHS = (
					"$(inherited)",
					"@executable_path/Frameworks",
				);
				MARKETING_VERSION = 1.0;
				PRODUCT_BUNDLE_IDENTIFIER = com.mdionisio.AnimeSearch;
				PRODUCT_NAME = "$(TARGET_NAME)";
				SWIFT_EMIT_LOC_STRINGS = YES;
				SWIFT_VERSION = 5.0;
				TARGETED_DEVICE_FAMILY = "1,2";
			};
			name = Debug;
		};
		2F0AF03D2B31E8A100740B70 /* Release */ = {
			isa = XCBuildConfiguration;
			buildSettings = {
				ASSETCATALOG_COMPILER_APPICON_NAME = AppIcon;
				ASSETCATALOG_COMPILER_GLOBAL_ACCENT_COLOR_NAME = AccentColor;
				CODE_SIGN_STYLE = Automatic;
				CURRENT_PROJECT_VERSION = 1;
				DEVELOPMENT_TEAM = XG5AARXYZ4;
				GENERATE_INFOPLIST_FILE = YES;
				INFOPLIST_FILE = AnimeSearch/Info.plist;
				INFOPLIST_KEY_UIApplicationSupportsIndirectInputEvents = YES;
				INFOPLIST_KEY_UILaunchStoryboardName = LaunchScreen;
				INFOPLIST_KEY_UIMainStoryboardFile = Main;
				INFOPLIST_KEY_UISupportedInterfaceOrientations_iPad = "UIInterfaceOrientationPortrait UIInterfaceOrientationPortraitUpsideDown UIInterfaceOrientationLandscapeLeft UIInterfaceOrientationLandscapeRight";
				INFOPLIST_KEY_UISupportedInterfaceOrientations_iPhone = "UIInterfaceOrientationPortrait UIInterfaceOrientationLandscapeLeft UIInterfaceOrientationLandscapeRight";
				LD_RUNPATH_SEARCH_PATHS = (
					"$(inherited)",
					"@executable_path/Frameworks",
				);
				MARKETING_VERSION = 1.0;
				PRODUCT_BUNDLE_IDENTIFIER = com.mdionisio.AnimeSearch;
				PRODUCT_NAME = "$(TARGET_NAME)";
				SWIFT_EMIT_LOC_STRINGS = YES;
				SWIFT_VERSION = 5.0;
				TARGETED_DEVICE_FAMILY = "1,2";
			};
			name = Release;
		};
		2F0AF03F2B31E8A100740B70 /* Debug */ = {
			isa = XCBuildConfiguration;
			buildSettings = {
				ALWAYS_EMBED_SWIFT_STANDARD_LIBRARIES = YES;
				BUNDLE_LOADER = "$(TEST_HOST)";
				CODE_SIGN_STYLE = Automatic;
				CURRENT_PROJECT_VERSION = 1;
				DEVELOPMENT_TEAM = XG5AARXYZ4;
				GENERATE_INFOPLIST_FILE = YES;
				IPHONEOS_DEPLOYMENT_TARGET = 15.0;
				LD_RUNPATH_SEARCH_PATHS = (
					"$(inherited)",
					"@executable_path/Frameworks",
					"@loader_path/Frameworks",
				);
				MARKETING_VERSION = 1.0;
				PRODUCT_BUNDLE_IDENTIFIER = com.mdionisio.AnimeSearchTests;
				PRODUCT_NAME = "$(TARGET_NAME)";
				SWIFT_EMIT_LOC_STRINGS = NO;
				SWIFT_VERSION = 5.0;
				TARGETED_DEVICE_FAMILY = "1,2";
				TEST_HOST = "$(BUILT_PRODUCTS_DIR)/AnimeSearch.app/AnimeSearch";
			};
			name = Debug;
		};
		2F0AF0402B31E8A100740B70 /* Release */ = {
			isa = XCBuildConfiguration;
			buildSettings = {
				ALWAYS_EMBED_SWIFT_STANDARD_LIBRARIES = YES;
				BUNDLE_LOADER = "$(TEST_HOST)";
				CODE_SIGN_STYLE = Automatic;
				CURRENT_PROJECT_VERSION = 1;
				DEVELOPMENT_TEAM = XG5AARXYZ4;
				GENERATE_INFOPLIST_FILE = YES;
				IPHONEOS_DEPLOYMENT_TARGET = 15.0;
				LD_RUNPATH_SEARCH_PATHS = (
					"$(inherited)",
					"@executable_path/Frameworks",
					"@loader_path/Frameworks",
				);
				MARKETING_VERSION = 1.0;
				PRODUCT_BUNDLE_IDENTIFIER = com.mdionisio.AnimeSearchTests;
				PRODUCT_NAME = "$(TARGET_NAME)";
				SWIFT_EMIT_LOC_STRINGS = NO;
				SWIFT_VERSION = 5.0;
				TARGETED_DEVICE_FAMILY = "1,2";
				TEST_HOST = "$(BUILT_PRODUCTS_DIR)/AnimeSearch.app/AnimeSearch";
			};
			name = Release;
		};
		2F0AF0422B31E8A100740B70 /* Debug */ = {
			isa = XCBuildConfiguration;
			buildSettings = {
				ALWAYS_EMBED_SWIFT_STANDARD_LIBRARIES = YES;
				CODE_SIGN_STYLE = Automatic;
				CURRENT_PROJECT_VERSION = 1;
				DEVELOPMENT_TEAM = XG5AARXYZ4;
				GENERATE_INFOPLIST_FILE = YES;
				LD_RUNPATH_SEARCH_PATHS = (
					"$(inherited)",
					"@executable_path/Frameworks",
					"@loader_path/Frameworks",
				);
				MARKETING_VERSION = 1.0;
				PRODUCT_BUNDLE_IDENTIFIER = com.mdionisio.AnimeSearchUITests;
				PRODUCT_NAME = "$(TARGET_NAME)";
				SWIFT_EMIT_LOC_STRINGS = NO;
				SWIFT_VERSION = 5.0;
				TARGETED_DEVICE_FAMILY = "1,2";
				TEST_TARGET_NAME = AnimeSearch;
			};
			name = Debug;
		};
		2F0AF0432B31E8A100740B70 /* Release */ = {
			isa = XCBuildConfiguration;
			buildSettings = {
				ALWAYS_EMBED_SWIFT_STANDARD_LIBRARIES = YES;
				CODE_SIGN_STYLE = Automatic;
				CURRENT_PROJECT_VERSION = 1;
				DEVELOPMENT_TEAM = XG5AARXYZ4;
				GENERATE_INFOPLIST_FILE = YES;
				LD_RUNPATH_SEARCH_PATHS = (
					"$(inherited)",
					"@executable_path/Frameworks",
					"@loader_path/Frameworks",
				);
				MARKETING_VERSION = 1.0;
				PRODUCT_BUNDLE_IDENTIFIER = com.mdionisio.AnimeSearchUITests;
				PRODUCT_NAME = "$(TARGET_NAME)";
				SWIFT_EMIT_LOC_STRINGS = NO;
				SWIFT_VERSION = 5.0;
				TARGETED_DEVICE_FAMILY = "1,2";
				TEST_TARGET_NAME = AnimeSearch;
			};
			name = Release;
		};
/* End XCBuildConfiguration section */

/* Begin XCConfigurationList section */
		2F0AF00C2B31E8A000740B70 /* Build configuration list for PBXProject "AnimeSearch" */ = {
			isa = XCConfigurationList;
			buildConfigurations = (
				2F0AF0392B31E8A100740B70 /* Debug */,
				2F0AF03A2B31E8A100740B70 /* Release */,
			);
			defaultConfigurationIsVisible = 0;
			defaultConfigurationName = Release;
		};
		2F0AF03B2B31E8A100740B70 /* Build configuration list for PBXNativeTarget "AnimeSearch" */ = {
			isa = XCConfigurationList;
			buildConfigurations = (
				2F0AF03C2B31E8A100740B70 /* Debug */,
				2F0AF03D2B31E8A100740B70 /* Release */,
			);
			defaultConfigurationIsVisible = 0;
			defaultConfigurationName = Release;
		};
		2F0AF03E2B31E8A100740B70 /* Build configuration list for PBXNativeTarget "AnimeSearchTests" */ = {
			isa = XCConfigurationList;
			buildConfigurations = (
				2F0AF03F2B31E8A100740B70 /* Debug */,
				2F0AF0402B31E8A100740B70 /* Release */,
			);
			defaultConfigurationIsVisible = 0;
			defaultConfigurationName = Release;
		};
		2F0AF0412B31E8A100740B70 /* Build configuration list for PBXNativeTarget "AnimeSearchUITests" */ = {
			isa = XCConfigurationList;
			buildConfigurations = (
				2F0AF0422B31E8A100740B70 /* Debug */,
				2F0AF0432B31E8A100740B70 /* Release */,
			);
			defaultConfigurationIsVisible = 0;
			defaultConfigurationName = Release;
		};
/* End XCConfigurationList section */
	};
	rootObject = 2F0AF0092B31E8A000740B70 /* Project object */;
}
